<?xml version="1.0" encoding="utf-8"?>
<Project ToolsVersion="4.0" xmlns="http://schemas.microsoft.com/developer/msbuild/2003">
  <ItemGroup>
    <Filter Include="Исходные файлы">
      <UniqueIdentifier>{4FC737F1-C7A5-4376-A066-2A32D752A2FF}</UniqueIdentifier>
      <Extensions>cpp;c;cc;cxx;c++;cppm;ixx;def;odl;idl;hpj;bat;asm;asmx</Extensions>
    </Filter>
    <Filter Include="Файлы заголовков">
      <UniqueIdentifier>{93995380-89BD-4b04-88EB-625FBE52EBFB}</UniqueIdentifier>
      <Extensions>h;hh;hpp;hxx;h++;hm;inl;inc;ipp;xsd</Extensions>
    </Filter>
    <Filter Include="Файлы ресурсов">
      <UniqueIdentifier>{67DA6AB6-F800-4c08-8B7A-83BB121AAD01}</UniqueIdentifier>
      <Extensions>rc;ico;cur;bmp;dlg;rc2;rct;bin;rgs;gif;jpg;jpeg;jpe;resx;tiff;tif;png;wav;mfcribbon-ms</Extensions>
    </Filter>
  </ItemGroup>
  <ItemGroup>
    <None Include="packages.config" />
  </ItemGroup>
  <ItemGroup>
    <ClCompile Include="main.cpp">
      <Filter>Исходные файлы</Filter>
    </ClCompile>
    <ClCompile Include="Game_main_screen.cpp">
      <Filter>Исходные файлы</Filter>
    </ClCompile>
    <ClCompile Include="Game_objects.cpp">
      <Filter>Исходные файлы</Filter>
    </ClCompile>
    <ClCompile Include="Service.cpp">
      <Filter>Исходные файлы</Filter>
    </ClCompile>
    <ClCompile Include="Game_menu_screen.cpp">
      <Filter>Исходные файлы</Filter>
    </ClCompile>
  </ItemGroup>
  <ItemGroup>
    <ClInclude Include="Game_main_screen.h">
      <Filter>Файлы заголовков</Filter>
    </ClInclude>
    <ClInclude Include="Game_objects.h">
      <Filter>Файлы заголовков</Filter>
    </ClInclude>
    <ClInclude Include="Service.h">
      <Filter>Файлы заголовков</Filter>
    </ClInclude>
    <ClInclude Include="Game_menu_screen.h">
      <Filter>Файлы заголовков</Filter>
    </ClInclude>
  </ItemGroup>
  <ItemGroup>
    <Image Include="Red_rect.png">
      <Filter>Файлы ресурсов</Filter>
    </Image>
    <Image Include="Black_rect.png">
      <Filter>Файлы ресурсов</Filter>
    </Image>
    <Image Include="0.png">
      <Filter>Файлы ресурсов</Filter>
    </Image>
    <Image Include="1.png">
      <Filter>Файлы ресурсов</Filter>
    </Image>
    <Image Include="2.png">
      <Filter>Файлы ресурсов</Filter>
    </Image>
    <Image Include="3.png">
      <Filter>Файлы ресурсов</Filter>
    </Image>
    <Image Include="4.png">
      <Filter>Файлы ресурсов</Filter>
    </Image>
    <Image Include="5.png">
      <Filter>Файлы ресурсов</Filter>
    </Image>
    <Image Include="6.png">
      <Filter>Файлы ресурсов</Filter>
    </Image>
    <Image Include="7.png">
      <Filter>Файлы ресурсов</Filter>
    </Image>
    <Image Include="8.png">
      <Filter>Файлы ресурсов</Filter>
    </Image>
    <Image Include="9.png">
      <Filter>Файлы ресурсов</Filter>
    </Image>
    <Image Include="10.png">
      <Filter>Файлы ресурсов</Filter>
    </Image>
    <Image Include="11.png">
      <Filter>Файлы ресурсов</Filter>
    </Image>
    <Image Include="12.png">
      <Filter>Файлы ресурсов</Filter>
    </Image>
    <Image Include="13.png">
      <Filter>Файлы ресурсов</Filter>
    </Image>
    <Image Include="14.png">
      <Filter>Файлы ресурсов</Filter>
    </Image>
    <Image Include="15.png">
      <Filter>Файлы ресурсов</Filter>
    </Image>
    <Image Include="16.png">
      <Filter>Файлы ресурсов</Filter>
    </Image>
    <Image Include="17.png">
      <Filter>Файлы ресурсов</Filter>
    </Image>
    <Image Include="18.png">
      <Filter>Файлы ресурсов</Filter>
    </Image>
    <Image Include="Time_bar.png">
      <Filter>Файлы ресурсов</Filter>
    </Image>
  </ItemGroup>
</Project>